
Microsoft Visual Studio Solution File, Format Version 12.00
# Visual Studio Version 17
VisualStudioVersion = 17.4.33213.308
MinimumVisualStudioVersion = 10.0.40219.1
Project("{FAE04EC0-301F-11D3-BF4B-00C04F79EFBC}") = "FirstWebApi", "FirstWebApi\FirstWebApi.csproj", "{5F809BD6-24E3-43A1-83B2-27450717CE19}"
EndProject
Global
	GlobalSection(SolutionConfigurationPlatforms) = preSolution
		Debug|Any CPU = Debug|Any CPU
		Release|Any CPU = Release|Any CPU
	EndGlobalSection
	GlobalSection(ProjectConfigurationPlatforms) = postSolution
		{5F809BD6-24E3-43A1-83B2-27450717CE19}.Debug|Any CPU.ActiveCfg = Debug|Any CPU
		{5F809BD6-24E3-43A1-83B2-27450717CE19}.Debug|Any CPU.Build.0 = Debug|Any CPU
		{5F809BD6-24E3-43A1-83B2-27450717CE19}.Release|Any CPU.ActiveCfg = Release|Any CPU
		{5F809BD6-24E3-43A1-83B2-27450717CE19}.Release|Any CPU.Build.0 = Release|Any CPU
	EndGlobalSection
	GlobalSection(SolutionProperties) = preSolution
		HideSolutionNode = FALSE
	EndGlobalSection
	GlobalSection(ExtensibilityGlobals) = postSolution
		SolutionGuid = {1CCB7C7A-12EF-4D5B-B50F-82667B387F48}
	EndGlobalSection
EndGlobal
