
Microsoft Visual Studio Solution File, Format Version 12.00
# Visual Studio Version 17
VisualStudioVersion = 17.4.33103.184
MinimumVisualStudioVersion = 10.0.40219.1
Project("{FAE04EC0-301F-11D3-BF4B-00C04F79EFBC}") = "Abstractions", "Abstractions\Abstractions.csproj", "{1F7EE185-BE51-4CCA-BB08-1D9A110396BA}"
EndProject
Project("{FAE04EC0-301F-11D3-BF4B-00C04F79EFBC}") = "ConsoleApp1", "ConsoleApp1\ConsoleApp1.csproj", "{5541034F-90B2-404C-9B14-A0A7ACABB48B}"
EndProject
Global
	GlobalSection(SolutionConfigurationPlatforms) = preSolution
		Debug|Any CPU = Debug|Any CPU
		Release|Any CPU = Release|Any CPU
	EndGlobalSection
	GlobalSection(ProjectConfigurationPlatforms) = postSolution
		{1F7EE185-BE51-4CCA-BB08-1D9A110396BA}.Debug|Any CPU.ActiveCfg = Debug|Any CPU
		{1F7EE185-BE51-4CCA-BB08-1D9A110396BA}.Debug|Any CPU.Build.0 = Debug|Any CPU
		{1F7EE185-BE51-4CCA-BB08-1D9A110396BA}.Release|Any CPU.ActiveCfg = Release|Any CPU
		{1F7EE185-BE51-4CCA-BB08-1D9A110396BA}.Release|Any CPU.Build.0 = Release|Any CPU
		{5541034F-90B2-404C-9B14-A0A7ACABB48B}.Debug|Any CPU.ActiveCfg = Debug|Any CPU
		{5541034F-90B2-404C-9B14-A0A7ACABB48B}.Debug|Any CPU.Build.0 = Debug|Any CPU
		{5541034F-90B2-404C-9B14-A0A7ACABB48B}.Release|Any CPU.ActiveCfg = Release|Any CPU
		{5541034F-90B2-404C-9B14-A0A7ACABB48B}.Release|Any CPU.Build.0 = Release|Any CPU
	EndGlobalSection
	GlobalSection(SolutionProperties) = preSolution
		HideSolutionNode = FALSE
	EndGlobalSection
	GlobalSection(ExtensibilityGlobals) = postSolution
		SolutionGuid = {0187F193-E0FF-4812-894F-7ED075E16489}
	EndGlobalSection
EndGlobal
