
Microsoft Visual Studio Solution File, Format Version 12.00
# Visual Studio Version 17
VisualStudioVersion = 17.4.33213.308
MinimumVisualStudioVersion = 10.0.40219.1
Project("{FAE04EC0-301F-11D3-BF4B-00C04F79EFBC}") = "WebSocketApp", "WebSocketApp\WebSocketApp.csproj", "{BBFE365D-6291-42AF-8F2B-5353258BDB0F}"
EndProject
Global
	GlobalSection(SolutionConfigurationPlatforms) = preSolution
		Debug|Any CPU = Debug|Any CPU
		Release|Any CPU = Release|Any CPU
	EndGlobalSection
	GlobalSection(ProjectConfigurationPlatforms) = postSolution
		{BBFE365D-6291-42AF-8F2B-5353258BDB0F}.Debug|Any CPU.ActiveCfg = Debug|Any CPU
		{BBFE365D-6291-42AF-8F2B-5353258BDB0F}.Debug|Any CPU.Build.0 = Debug|Any CPU
		{BBFE365D-6291-42AF-8F2B-5353258BDB0F}.Release|Any CPU.ActiveCfg = Release|Any CPU
		{BBFE365D-6291-42AF-8F2B-5353258BDB0F}.Release|Any CPU.Build.0 = Release|Any CPU
	EndGlobalSection
	GlobalSection(SolutionProperties) = preSolution
		HideSolutionNode = FALSE
	EndGlobalSection
	GlobalSection(ExtensibilityGlobals) = postSolution
		SolutionGuid = {1F0C8057-B8FF-4199-B2CC-72D508C5950C}
	EndGlobalSection
EndGlobal
