
Microsoft Visual Studio Solution File, Format Version 12.00
# Visual Studio Version 17
VisualStudioVersion = 17.4.33103.184
MinimumVisualStudioVersion = 10.0.40219.1
Project("{FAE04EC0-301F-11D3-BF4B-00C04F79EFBC}") = "WebAppMigration", "WebAppMigration\WebAppMigration.csproj", "{E946D0D5-58EB-48F0-A15D-B18997A2120D}"
EndProject
Global
	GlobalSection(SolutionConfigurationPlatforms) = preSolution
		Debug|Any CPU = Debug|Any CPU
		Release|Any CPU = Release|Any CPU
	EndGlobalSection
	GlobalSection(ProjectConfigurationPlatforms) = postSolution
		{E946D0D5-58EB-48F0-A15D-B18997A2120D}.Debug|Any CPU.ActiveCfg = Debug|Any CPU
		{E946D0D5-58EB-48F0-A15D-B18997A2120D}.Debug|Any CPU.Build.0 = Debug|Any CPU
		{E946D0D5-58EB-48F0-A15D-B18997A2120D}.Release|Any CPU.ActiveCfg = Release|Any CPU
		{E946D0D5-58EB-48F0-A15D-B18997A2120D}.Release|Any CPU.Build.0 = Release|Any CPU
	EndGlobalSection
	GlobalSection(SolutionProperties) = preSolution
		HideSolutionNode = FALSE
	EndGlobalSection
	GlobalSection(ExtensibilityGlobals) = postSolution
		SolutionGuid = {31CECF2B-D1D9-41B4-980E-093F30C9D683}
	EndGlobalSection
EndGlobal
