
Microsoft Visual Studio Solution File, Format Version 12.00
# Visual Studio Version 17
VisualStudioVersion = 17.4.33103.184
MinimumVisualStudioVersion = 10.0.40219.1
Project("{FAE04EC0-301F-11D3-BF4B-00C04F79EFBC}") = "Array_Regex", "Array_Regex\Array_Regex.csproj", "{36E99C2F-0ACC-4300-BBD1-212681332351}"
EndProject
Global
	GlobalSection(SolutionConfigurationPlatforms) = preSolution
		Debug|Any CPU = Debug|Any CPU
		Release|Any CPU = Release|Any CPU
	EndGlobalSection
	GlobalSection(ProjectConfigurationPlatforms) = postSolution
		{36E99C2F-0ACC-4300-BBD1-212681332351}.Debug|Any CPU.ActiveCfg = Debug|Any CPU
		{36E99C2F-0ACC-4300-BBD1-212681332351}.Debug|Any CPU.Build.0 = Debug|Any CPU
		{36E99C2F-0ACC-4300-BBD1-212681332351}.Release|Any CPU.ActiveCfg = Release|Any CPU
		{36E99C2F-0ACC-4300-BBD1-212681332351}.Release|Any CPU.Build.0 = Release|Any CPU
	EndGlobalSection
	GlobalSection(SolutionProperties) = preSolution
		HideSolutionNode = FALSE
	EndGlobalSection
	GlobalSection(ExtensibilityGlobals) = postSolution
		SolutionGuid = {BC244C6E-722E-4683-99FA-E4C77BD9C8CA}
	EndGlobalSection
EndGlobal
