
Microsoft Visual Studio Solution File, Format Version 12.00
# Visual Studio Version 17
VisualStudioVersion = 17.4.33213.308
MinimumVisualStudioVersion = 10.0.40219.1
Project("{FAE04EC0-301F-11D3-BF4B-00C04F79EFBC}") = "WebApiBB202", "WebApiBB202\WebApiBB202.csproj", "{BF1583EF-1DBC-4CDC-9158-483892BC8218}"
EndProject
Global
	GlobalSection(SolutionConfigurationPlatforms) = preSolution
		Debug|Any CPU = Debug|Any CPU
		Release|Any CPU = Release|Any CPU
	EndGlobalSection
	GlobalSection(ProjectConfigurationPlatforms) = postSolution
		{BF1583EF-1DBC-4CDC-9158-483892BC8218}.Debug|Any CPU.ActiveCfg = Debug|Any CPU
		{BF1583EF-1DBC-4CDC-9158-483892BC8218}.Debug|Any CPU.Build.0 = Debug|Any CPU
		{BF1583EF-1DBC-4CDC-9158-483892BC8218}.Release|Any CPU.ActiveCfg = Release|Any CPU
		{BF1583EF-1DBC-4CDC-9158-483892BC8218}.Release|Any CPU.Build.0 = Release|Any CPU
	EndGlobalSection
	GlobalSection(SolutionProperties) = preSolution
		HideSolutionNode = FALSE
	EndGlobalSection
	GlobalSection(ExtensibilityGlobals) = postSolution
		SolutionGuid = {ACA9BDBE-E805-40CE-A044-8BD45B151D3D}
	EndGlobalSection
EndGlobal
