
Microsoft Visual Studio Solution File, Format Version 12.00
# Visual Studio Version 17
VisualStudioVersion = 17.4.33103.184
MinimumVisualStudioVersion = 10.0.40219.1
Project("{FAE04EC0-301F-11D3-BF4B-00C04F79EFBC}") = "AdoNet_ORM", "AdoNet_ORM\AdoNet_ORM.csproj", "{96EEE6D7-49E2-48A1-A2B7-96C308E6593F}"
EndProject
Global
	GlobalSection(SolutionConfigurationPlatforms) = preSolution
		Debug|Any CPU = Debug|Any CPU
		Release|Any CPU = Release|Any CPU
	EndGlobalSection
	GlobalSection(ProjectConfigurationPlatforms) = postSolution
		{96EEE6D7-49E2-48A1-A2B7-96C308E6593F}.Debug|Any CPU.ActiveCfg = Debug|Any CPU
		{96EEE6D7-49E2-48A1-A2B7-96C308E6593F}.Debug|Any CPU.Build.0 = Debug|Any CPU
		{96EEE6D7-49E2-48A1-A2B7-96C308E6593F}.Release|Any CPU.ActiveCfg = Release|Any CPU
		{96EEE6D7-49E2-48A1-A2B7-96C308E6593F}.Release|Any CPU.Build.0 = Release|Any CPU
	EndGlobalSection
	GlobalSection(SolutionProperties) = preSolution
		HideSolutionNode = FALSE
	EndGlobalSection
	GlobalSection(ExtensibilityGlobals) = postSolution
		SolutionGuid = {54D80E7D-2E2E-44AA-82E6-CD510648217B}
	EndGlobalSection
EndGlobal
