
Microsoft Visual Studio Solution File, Format Version 12.00
# Visual Studio Version 17
VisualStudioVersion = 17.4.33103.184
MinimumVisualStudioVersion = 10.0.40219.1
Project("{FAE04EC0-301F-11D3-BF4B-00C04F79EFBC}") = "UpCasting_DownCasting", "UpCasting_DownCasting\UpCasting_DownCasting.csproj", "{39DDD376-4F4A-4E6C-B389-DBA9C239D607}"
EndProject
Global
	GlobalSection(SolutionConfigurationPlatforms) = preSolution
		Debug|Any CPU = Debug|Any CPU
		Release|Any CPU = Release|Any CPU
	EndGlobalSection
	GlobalSection(ProjectConfigurationPlatforms) = postSolution
		{39DDD376-4F4A-4E6C-B389-DBA9C239D607}.Debug|Any CPU.ActiveCfg = Debug|Any CPU
		{39DDD376-4F4A-4E6C-B389-DBA9C239D607}.Debug|Any CPU.Build.0 = Debug|Any CPU
		{39DDD376-4F4A-4E6C-B389-DBA9C239D607}.Release|Any CPU.ActiveCfg = Release|Any CPU
		{39DDD376-4F4A-4E6C-B389-DBA9C239D607}.Release|Any CPU.Build.0 = Release|Any CPU
	EndGlobalSection
	GlobalSection(SolutionProperties) = preSolution
		HideSolutionNode = FALSE
	EndGlobalSection
	GlobalSection(ExtensibilityGlobals) = postSolution
		SolutionGuid = {645A8E82-0026-417D-B11C-27BEC70849FF}
	EndGlobalSection
EndGlobal
