
Microsoft Visual Studio Solution File, Format Version 12.00
# Visual Studio Version 17
VisualStudioVersion = 17.4.33103.184
MinimumVisualStudioVersion = 10.0.40219.1
Project("{FAE04EC0-301F-11D3-BF4B-00C04F79EFBC}") = "Reflection_UpCasting_DownCasting", "Reflection_UpCasting_DownCasting\Reflection_UpCasting_DownCasting.csproj", "{7B8C41CA-DCB4-4DC9-BA65-4860E42EE88B}"
EndProject
Global
	GlobalSection(SolutionConfigurationPlatforms) = preSolution
		Debug|Any CPU = Debug|Any CPU
		Release|Any CPU = Release|Any CPU
	EndGlobalSection
	GlobalSection(ProjectConfigurationPlatforms) = postSolution
		{7B8C41CA-DCB4-4DC9-BA65-4860E42EE88B}.Debug|Any CPU.ActiveCfg = Debug|Any CPU
		{7B8C41CA-DCB4-4DC9-BA65-4860E42EE88B}.Debug|Any CPU.Build.0 = Debug|Any CPU
		{7B8C41CA-DCB4-4DC9-BA65-4860E42EE88B}.Release|Any CPU.ActiveCfg = Release|Any CPU
		{7B8C41CA-DCB4-4DC9-BA65-4860E42EE88B}.Release|Any CPU.Build.0 = Release|Any CPU
	EndGlobalSection
	GlobalSection(SolutionProperties) = preSolution
		HideSolutionNode = FALSE
	EndGlobalSection
	GlobalSection(ExtensibilityGlobals) = postSolution
		SolutionGuid = {1B59E21A-68A7-43DC-8B0B-C2F4D1E4593F}
	EndGlobalSection
EndGlobal
