
Microsoft Visual Studio Solution File, Format Version 12.00
# Visual Studio Version 17
VisualStudioVersion = 17.4.33103.184
MinimumVisualStudioVersion = 10.0.40219.1
Project("{FAE04EC0-301F-11D3-BF4B-00C04F79EFBC}") = "AccessModifiers2", "AccessModifiers2\AccessModifiers2.csproj", "{20FB46FB-AB52-4A52-B749-FFDC58B07834}"
EndProject
Project("{FAE04EC0-301F-11D3-BF4B-00C04F79EFBC}") = "Test", "Test\Test.csproj", "{941F0DA6-D13B-415C-A375-655C04648B66}"
EndProject
Project("{FAE04EC0-301F-11D3-BF4B-00C04F79EFBC}") = "Validation", "Validation\Validation.csproj", "{DE4E2D97-64FC-460B-816F-F3254E0D0F47}"
EndProject
Global
	GlobalSection(SolutionConfigurationPlatforms) = preSolution
		Debug|Any CPU = Debug|Any CPU
		Release|Any CPU = Release|Any CPU
	EndGlobalSection
	GlobalSection(ProjectConfigurationPlatforms) = postSolution
		{20FB46FB-AB52-4A52-B749-FFDC58B07834}.Debug|Any CPU.ActiveCfg = Debug|Any CPU
		{20FB46FB-AB52-4A52-B749-FFDC58B07834}.Debug|Any CPU.Build.0 = Debug|Any CPU
		{20FB46FB-AB52-4A52-B749-FFDC58B07834}.Release|Any CPU.ActiveCfg = Release|Any CPU
		{20FB46FB-AB52-4A52-B749-FFDC58B07834}.Release|Any CPU.Build.0 = Release|Any CPU
		{941F0DA6-D13B-415C-A375-655C04648B66}.Debug|Any CPU.ActiveCfg = Debug|Any CPU
		{941F0DA6-D13B-415C-A375-655C04648B66}.Debug|Any CPU.Build.0 = Debug|Any CPU
		{941F0DA6-D13B-415C-A375-655C04648B66}.Release|Any CPU.ActiveCfg = Release|Any CPU
		{941F0DA6-D13B-415C-A375-655C04648B66}.Release|Any CPU.Build.0 = Release|Any CPU
		{DE4E2D97-64FC-460B-816F-F3254E0D0F47}.Debug|Any CPU.ActiveCfg = Debug|Any CPU
		{DE4E2D97-64FC-460B-816F-F3254E0D0F47}.Debug|Any CPU.Build.0 = Debug|Any CPU
		{DE4E2D97-64FC-460B-816F-F3254E0D0F47}.Release|Any CPU.ActiveCfg = Release|Any CPU
		{DE4E2D97-64FC-460B-816F-F3254E0D0F47}.Release|Any CPU.Build.0 = Release|Any CPU
	EndGlobalSection
	GlobalSection(SolutionProperties) = preSolution
		HideSolutionNode = FALSE
	EndGlobalSection
	GlobalSection(ExtensibilityGlobals) = postSolution
		SolutionGuid = {04231925-535C-438F-AAB7-9DCE22877719}
	EndGlobalSection
EndGlobal
